
Microsoft Visual Studio Solution File, Format Version 12.00
# Visual Studio 2013
VisualStudioVersion = 12.0.40629.0
MinimumVisualStudioVersion = 10.0.40219.1
Project("{FAE04EC0-301F-11D3-BF4B-00C04F79EFBC}") = "SilverlightApplication1", "SilverlightApplication1.csproj", "{24D52672-9285-4C29-81B5-E56E6EC3696F}"
EndProject
Project("{E24C65DC-7377-472B-9ABA-BC803B73C61A}") = "EBIPESCOM.Web", "http://localhost:40977", "{4247143E-C23E-4992-8775-FCA4C20A9860}"
	ProjectSection(WebsiteProperties) = preProject
		UseIISExpress = "true"
		TargetFrameworkMoniker = ".NETFramework,Version%3Dv4.5"
		Debug.AspNetCompiler.VirtualPath = "/localhost_40977"
		Debug.AspNetCompiler.PhysicalPath = "..\EBIPESCOM.Web\"
		Debug.AspNetCompiler.TargetPath = "PrecompiledWeb\localhost_40977\"
		Debug.AspNetCompiler.Updateable = "true"
		Debug.AspNetCompiler.ForceOverwrite = "true"
		Debug.AspNetCompiler.FixedNames = "false"
		Debug.AspNetCompiler.Debug = "True"
		Release.AspNetCompiler.VirtualPath = "/localhost_40977"
		Release.AspNetCompiler.PhysicalPath = "..\EBIPESCOM.Web\"
		Release.AspNetCompiler.TargetPath = "PrecompiledWeb\localhost_40977\"
		Release.AspNetCompiler.Updateable = "true"
		Release.AspNetCompiler.ForceOverwrite = "true"
		Release.AspNetCompiler.FixedNames = "false"
		Release.AspNetCompiler.Debug = "False"
		SlnRelativePath = "..\EBIPESCOM.Web\"
		DefaultWebSiteLanguage = "Visual C#"
		ProjOutputReferences = "{24D52672-9285-4C29-81B5-E56E6EC3696F}|ClientBin|false;"
	EndProjectSection
EndProject
Global
	GlobalSection(SolutionConfigurationPlatforms) = preSolution
		Debug|Any CPU = Debug|Any CPU
		Release|Any CPU = Release|Any CPU
	EndGlobalSection
	GlobalSection(ProjectConfigurationPlatforms) = postSolution
		{24D52672-9285-4C29-81B5-E56E6EC3696F}.Debug|Any CPU.ActiveCfg = Debug|Any CPU
		{24D52672-9285-4C29-81B5-E56E6EC3696F}.Debug|Any CPU.Build.0 = Debug|Any CPU
		{24D52672-9285-4C29-81B5-E56E6EC3696F}.Release|Any CPU.ActiveCfg = Release|Any CPU
		{24D52672-9285-4C29-81B5-E56E6EC3696F}.Release|Any CPU.Build.0 = Release|Any CPU
		{4247143E-C23E-4992-8775-FCA4C20A9860}.Debug|Any CPU.ActiveCfg = Debug|Any CPU
		{4247143E-C23E-4992-8775-FCA4C20A9860}.Debug|Any CPU.Build.0 = Debug|Any CPU
		{4247143E-C23E-4992-8775-FCA4C20A9860}.Release|Any CPU.ActiveCfg = Debug|Any CPU
		{4247143E-C23E-4992-8775-FCA4C20A9860}.Release|Any CPU.Build.0 = Debug|Any CPU
	EndGlobalSection
	GlobalSection(SolutionProperties) = preSolution
		HideSolutionNode = FALSE
	EndGlobalSection
EndGlobal
